
Microsoft Visual Studio Solution File, Format Version 12.00
# Visual Studio 15
VisualStudioVersion = 15.0.27703.2026
MinimumVisualStudioVersion = 10.0.40219.1
Project("{9A19103F-16F7-4668-BE54-9A1E7A4F7556}") = "ContactManager", "ContactManager\ContactManager.csproj", "{80607BB9-7B0F-4544-8AD2-F39BAB6897E1}"
EndProject
Project("{9A19103F-16F7-4668-BE54-9A1E7A4F7556}") = "ContactManagerAPI", "ContactManagerAPI\ContactManagerAPI.csproj", "{119D28B6-7F19-45ED-8F1A-A70CAC2069A0}"
EndProject
Global
	GlobalSection(SolutionConfigurationPlatforms) = preSolution
		Debug|Any CPU = Debug|Any CPU
		Release|Any CPU = Release|Any CPU
	EndGlobalSection
	GlobalSection(ProjectConfigurationPlatforms) = postSolution
		{80607BB9-7B0F-4544-8AD2-F39BAB6897E1}.Debug|Any CPU.ActiveCfg = Debug|Any CPU
		{80607BB9-7B0F-4544-8AD2-F39BAB6897E1}.Debug|Any CPU.Build.0 = Debug|Any CPU
		{80607BB9-7B0F-4544-8AD2-F39BAB6897E1}.Release|Any CPU.ActiveCfg = Release|Any CPU
		{80607BB9-7B0F-4544-8AD2-F39BAB6897E1}.Release|Any CPU.Build.0 = Release|Any CPU
		{119D28B6-7F19-45ED-8F1A-A70CAC2069A0}.Debug|Any CPU.ActiveCfg = Debug|Any CPU
		{119D28B6-7F19-45ED-8F1A-A70CAC2069A0}.Debug|Any CPU.Build.0 = Debug|Any CPU
		{119D28B6-7F19-45ED-8F1A-A70CAC2069A0}.Release|Any CPU.ActiveCfg = Release|Any CPU
		{119D28B6-7F19-45ED-8F1A-A70CAC2069A0}.Release|Any CPU.Build.0 = Release|Any CPU
	EndGlobalSection
	GlobalSection(SolutionProperties) = preSolution
		HideSolutionNode = FALSE
	EndGlobalSection
	GlobalSection(ExtensibilityGlobals) = postSolution
		SolutionGuid = {6560556F-A214-4E7A-B209-7C3EF137C283}
	EndGlobalSection
EndGlobal
